
Microsoft Visual Studio Solution File, Format Version 12.00
# Visual Studio Version 17
VisualStudioVersion = 17.0.31903.59
MinimumVisualStudioVersion = 10.0.40219.1
Project("{2150E333-8FDC-42A3-9474-1A3956D46DE8}") = "src", "src", "{BF1A237D-5DB5-4506-A1D2-04A5F61B1837}"
EndProject
Project("{9A19103F-16F7-4668-BE54-9A1E7A4F7556}") = "AuctionService", "src\AuctionService\AuctionService.csproj", "{C4C9CD8A-7D72-4059-AF5F-7A74DAD0F4F1}"
EndProject
Project("{2150E333-8FDC-42A3-9474-1A3956D46DE8}") = "Solution Items", "Solution Items", "{5543A6D5-8025-4D0A-A609-6A8A120EDB17}"
	ProjectSection(SolutionItems) = preProject
		docker-compose.yml = docker-compose.yml
	EndProjectSection
EndProject
Project("{FAE04EC0-301F-11D3-BF4B-00C04F79EFBC}") = "SearchService", "src\SearchService\SearchService.csproj", "{89020325-E2C4-4E6D-9B14-76ADB15A3045}"
EndProject
Project("{FAE04EC0-301F-11D3-BF4B-00C04F79EFBC}") = "Constracts", "src\Constracts\Constracts.csproj", "{8D67BF45-7125-44B9-8784-C17BAA23076F}"
EndProject
Project("{FAE04EC0-301F-11D3-BF4B-00C04F79EFBC}") = "IdentityService", "src\IdentityService\IdentityService.csproj", "{FC420B74-7D1B-4212-85D3-7608700DC9F9}"
EndProject
Project("{FAE04EC0-301F-11D3-BF4B-00C04F79EFBC}") = "GatewayService", "src\GatewayService\GatewayService.csproj", "{8B9DC2DE-2AA2-4945-BE6F-AC62B36B60AB}"
EndProject
Global
	GlobalSection(SolutionConfigurationPlatforms) = preSolution
		Debug|Any CPU = Debug|Any CPU
		Release|Any CPU = Release|Any CPU
	EndGlobalSection
	GlobalSection(ProjectConfigurationPlatforms) = postSolution
		{C4C9CD8A-7D72-4059-AF5F-7A74DAD0F4F1}.Debug|Any CPU.ActiveCfg = Debug|Any CPU
		{C4C9CD8A-7D72-4059-AF5F-7A74DAD0F4F1}.Debug|Any CPU.Build.0 = Debug|Any CPU
		{C4C9CD8A-7D72-4059-AF5F-7A74DAD0F4F1}.Release|Any CPU.ActiveCfg = Release|Any CPU
		{C4C9CD8A-7D72-4059-AF5F-7A74DAD0F4F1}.Release|Any CPU.Build.0 = Release|Any CPU
		{89020325-E2C4-4E6D-9B14-76ADB15A3045}.Debug|Any CPU.ActiveCfg = Debug|Any CPU
		{89020325-E2C4-4E6D-9B14-76ADB15A3045}.Debug|Any CPU.Build.0 = Debug|Any CPU
		{89020325-E2C4-4E6D-9B14-76ADB15A3045}.Release|Any CPU.ActiveCfg = Release|Any CPU
		{89020325-E2C4-4E6D-9B14-76ADB15A3045}.Release|Any CPU.Build.0 = Release|Any CPU
		{8D67BF45-7125-44B9-8784-C17BAA23076F}.Debug|Any CPU.ActiveCfg = Debug|Any CPU
		{8D67BF45-7125-44B9-8784-C17BAA23076F}.Debug|Any CPU.Build.0 = Debug|Any CPU
		{8D67BF45-7125-44B9-8784-C17BAA23076F}.Release|Any CPU.ActiveCfg = Release|Any CPU
		{8D67BF45-7125-44B9-8784-C17BAA23076F}.Release|Any CPU.Build.0 = Release|Any CPU
		{FC420B74-7D1B-4212-85D3-7608700DC9F9}.Debug|Any CPU.ActiveCfg = Debug|Any CPU
		{FC420B74-7D1B-4212-85D3-7608700DC9F9}.Debug|Any CPU.Build.0 = Debug|Any CPU
		{FC420B74-7D1B-4212-85D3-7608700DC9F9}.Release|Any CPU.ActiveCfg = Release|Any CPU
		{FC420B74-7D1B-4212-85D3-7608700DC9F9}.Release|Any CPU.Build.0 = Release|Any CPU
		{8B9DC2DE-2AA2-4945-BE6F-AC62B36B60AB}.Debug|Any CPU.ActiveCfg = Debug|Any CPU
		{8B9DC2DE-2AA2-4945-BE6F-AC62B36B60AB}.Debug|Any CPU.Build.0 = Debug|Any CPU
		{8B9DC2DE-2AA2-4945-BE6F-AC62B36B60AB}.Release|Any CPU.ActiveCfg = Release|Any CPU
		{8B9DC2DE-2AA2-4945-BE6F-AC62B36B60AB}.Release|Any CPU.Build.0 = Release|Any CPU
	EndGlobalSection
	GlobalSection(SolutionProperties) = preSolution
		HideSolutionNode = FALSE
	EndGlobalSection
	GlobalSection(NestedProjects) = preSolution
		{C4C9CD8A-7D72-4059-AF5F-7A74DAD0F4F1} = {BF1A237D-5DB5-4506-A1D2-04A5F61B1837}
		{89020325-E2C4-4E6D-9B14-76ADB15A3045} = {BF1A237D-5DB5-4506-A1D2-04A5F61B1837}
		{8D67BF45-7125-44B9-8784-C17BAA23076F} = {BF1A237D-5DB5-4506-A1D2-04A5F61B1837}
		{FC420B74-7D1B-4212-85D3-7608700DC9F9} = {BF1A237D-5DB5-4506-A1D2-04A5F61B1837}
		{8B9DC2DE-2AA2-4945-BE6F-AC62B36B60AB} = {BF1A237D-5DB5-4506-A1D2-04A5F61B1837}
	EndGlobalSection
	GlobalSection(ExtensibilityGlobals) = postSolution
		SolutionGuid = {539FB58B-44AE-4933-8036-ACC4B6B1D28A}
	EndGlobalSection
EndGlobal
